
Microsoft Visual Studio Solution File, Format Version 12.00
# Visual Studio Version 17
VisualStudioVersion = 17.1.32421.90
MinimumVisualStudioVersion = 10.0.40219.1
Project("{FAE04EC0-301F-11D3-BF4B-00C04F79EFBC}") = "GenPass(Graphics)", "GenPass(Graphics).csproj", "{D059E100-1BC1-4BF2-A3B4-27AE180DF95B}"
EndProject
Global
	GlobalSection(SolutionConfigurationPlatforms) = preSolution
		Debug|Any CPU = Debug|Any CPU
		Release|Any CPU = Release|Any CPU
	EndGlobalSection
	GlobalSection(ProjectConfigurationPlatforms) = postSolution
		{D059E100-1BC1-4BF2-A3B4-27AE180DF95B}.Debug|Any CPU.ActiveCfg = Debug|Any CPU
		{D059E100-1BC1-4BF2-A3B4-27AE180DF95B}.Debug|Any CPU.Build.0 = Debug|Any CPU
		{D059E100-1BC1-4BF2-A3B4-27AE180DF95B}.Release|Any CPU.ActiveCfg = Release|Any CPU
		{D059E100-1BC1-4BF2-A3B4-27AE180DF95B}.Release|Any CPU.Build.0 = Release|Any CPU
	EndGlobalSection
	GlobalSection(SolutionProperties) = preSolution
		HideSolutionNode = FALSE
	EndGlobalSection
	GlobalSection(ExtensibilityGlobals) = postSolution
		SolutionGuid = {E39311D2-CA14-4886-B23B-B514238FA0FE}
	EndGlobalSection
EndGlobal
